
Microsoft Visual Studio Solution File, Format Version 12.00
# Visual Studio Version 17
VisualStudioVersion = 17.0.31912.275
MinimumVisualStudioVersion = 10.0.40219.1
Project("{9A19103F-16F7-4668-BE54-9A1E7A4F7556}") = "WebApiRest", "src\WebApiRest\WebApiRest.csproj", "{89DC537B-DA9B-4FA1-95C2-E46A6AC707CB}"
EndProject
Project("{9A19103F-16F7-4668-BE54-9A1E7A4F7556}") = "WebApiRestTest", "test\WebApiRestTest\WebApiRestTest.csproj", "{192EE357-98FE-4E37-B794-9F431F5449A2}"
EndProject
Project("{E53339B2-1760-4266-BCC7-CA923CBCF16C}") = "docker-compose", "docker-compose.dcproj", "{9C39E97A-CE92-4468-A083-B894AF73D8F5}"
EndProject
Global
	GlobalSection(SolutionConfigurationPlatforms) = preSolution
		Debug|Any CPU = Debug|Any CPU
		Release|Any CPU = Release|Any CPU
	EndGlobalSection
	GlobalSection(ProjectConfigurationPlatforms) = postSolution
		{89DC537B-DA9B-4FA1-95C2-E46A6AC707CB}.Debug|Any CPU.ActiveCfg = Debug|Any CPU
		{89DC537B-DA9B-4FA1-95C2-E46A6AC707CB}.Debug|Any CPU.Build.0 = Debug|Any CPU
		{89DC537B-DA9B-4FA1-95C2-E46A6AC707CB}.Release|Any CPU.ActiveCfg = Release|Any CPU
		{89DC537B-DA9B-4FA1-95C2-E46A6AC707CB}.Release|Any CPU.Build.0 = Release|Any CPU
		{192EE357-98FE-4E37-B794-9F431F5449A2}.Debug|Any CPU.ActiveCfg = Debug|Any CPU
		{192EE357-98FE-4E37-B794-9F431F5449A2}.Debug|Any CPU.Build.0 = Debug|Any CPU
		{192EE357-98FE-4E37-B794-9F431F5449A2}.Release|Any CPU.ActiveCfg = Release|Any CPU
		{192EE357-98FE-4E37-B794-9F431F5449A2}.Release|Any CPU.Build.0 = Release|Any CPU
		{9C39E97A-CE92-4468-A083-B894AF73D8F5}.Debug|Any CPU.ActiveCfg = Debug|Any CPU
		{9C39E97A-CE92-4468-A083-B894AF73D8F5}.Debug|Any CPU.Build.0 = Debug|Any CPU
		{9C39E97A-CE92-4468-A083-B894AF73D8F5}.Release|Any CPU.ActiveCfg = Release|Any CPU
		{9C39E97A-CE92-4468-A083-B894AF73D8F5}.Release|Any CPU.Build.0 = Release|Any CPU
	EndGlobalSection
	GlobalSection(SolutionProperties) = preSolution
		HideSolutionNode = FALSE
	EndGlobalSection
	GlobalSection(ExtensibilityGlobals) = postSolution
		SolutionGuid = {48778161-BD90-4B4E-9008-F3B4EABFD80C}
	EndGlobalSection
EndGlobal
